{
  "name": "Project",
  "version": "1.0.0",
  "lockfileVersion": 1,
  "requires": true,
  "dependencies": {
    "@vuepress/plugin-search": {
      "version": "1.5.0",
      "resolved": "https://registry.npmjs.org/@vuepress/plugin-search/-/plugin-search-1.5.0.tgz",
      "integrity": "sha512-zZ7awYWzube+FwYQP2GcrCeoGUxcOWQm6cOaxQ9BiEn+M8sj4/fn18sKjGkzREQ+BVJguxHw0y29gUlvHALPhQ==",
      "dev": true
    }
  }
}
